Microsoft Visual Studio Solution File, Format Version 12.00
# Visual Studio Version 17
VisualStudioVersion = 17.5.2.0
MinimumVisualStudioVersion = 10.0.40219.1
Project("{FAE04EC0-301F-11D3-BF4B-00C04F79EFBC}") = "MyBlazorWasmApp", "MyBlazorWasmApp\MyBlazorWasmApp.csproj", "{F89511B6-8055-799E-6370-3B9947B3B505}"
EndProject
Global
	GlobalSection(SolutionConfigurationPlatforms) = preSolution
		Debug|Any CPU = Debug|Any CPU
		Release|Any CPU = Release|Any CPU
	EndGlobalSection
	GlobalSection(ProjectConfigurationPlatforms) = postSolution
		{F89511B6-8055-799E-6370-3B9947B3B505}.Debug|Any CPU.ActiveCfg = Debug|Any CPU
		{F89511B6-8055-799E-6370-3B9947B3B505}.Debug|Any CPU.Build.0 = Debug|Any CPU
		{F89511B6-8055-799E-6370-3B9947B3B505}.Release|Any CPU.ActiveCfg = Release|Any CPU
		{F89511B6-8055-799E-6370-3B9947B3B505}.Release|Any CPU.Build.0 = Release|Any CPU
	EndGlobalSection
	GlobalSection(SolutionProperties) = preSolution
		HideSolutionNode = FALSE
	EndGlobalSection
	GlobalSection(ExtensibilityGlobals) = postSolution
		SolutionGuid = {00EF2788-6D9A-4B19-9E7F-2857C6D5003A}
	EndGlobalSection
EndGlobal
